
Microsoft Visual Studio Solution File, Format Version 12.00
# Visual Studio Version 17
VisualStudioVersion = 17.11.35303.130
MinimumVisualStudioVersion = 10.0.40219.1
Project("{2150E333-8FDC-42A3-9474-1A3956D46DE8}") = "Task0", "Task0", "{76D71CE7-82F8-4C30-B8FD-C7E8D1AB1C5C}"
EndProject
Project("{9A19103F-16F7-4668-BE54-9A1E7A4F7556}") = "Tyuiu.SafarovTA.Sprint0.Task0.V0", "Tyuiu.SafarovTA.Sprint0.Task0.V0\Tyuiu.SafarovTA.Sprint0.Task0.V0.csproj", "{F63940BB-6BC0-426A-A6FF-FF8C3CEB0751}"
EndProject
Project("{2150E333-8FDC-42A3-9474-1A3956D46DE8}") = "Task1", "Task1", "{E42323C9-98DF-4B3F-A59C-BA5A114694F2}"
EndProject
Project("{9A19103F-16F7-4668-BE54-9A1E7A4F7556}") = "Tyuiu.SafarovTA.Sprint0.Task1.V0", "Tyuiu.SafarovTA.Sprint0.Task1.V0\Tyuiu.SafarovTA.Sprint0.Task1.V0.csproj", "{38E6967D-F645-45F8-97CD-E37A2D89ED54}"
EndProject
Project("{2150E333-8FDC-42A3-9474-1A3956D46DE8}") = "Task2", "Task2", "{D9100C61-DE48-4100-83D2-3252D942624A}"
EndProject
Project("{9A19103F-16F7-4668-BE54-9A1E7A4F7556}") = "Tyuiu.SafarovTA.Sprint0.Task2.V0", "Tyuiu.SafarovTA.Sprint0.Task2.V0\Tyuiu.SafarovTA.Sprint0.Task2.V0.csproj", "{595B2C4E-BFAD-4DDD-8B1A-83F9588A415F}"
EndProject
Project("{9A19103F-16F7-4668-BE54-9A1E7A4F7556}") = "Tyuiu.SafarovTA.Sprint0.Task2.V0.Lib", "Tyuiu.SafarovTA.Sprint0.Task2.V0.Lib\Tyuiu.SafarovTA.Sprint0.Task2.V0.Lib.csproj", "{73F70E94-CAE3-4681-936F-BBAE2DA47C8F}"
EndProject
Project("{9A19103F-16F7-4668-BE54-9A1E7A4F7556}") = "Tyuiu.SafarovTA.Sprint0.Task2.V0.Test", "Tyuiu.SafarovTA.Sprint0.Task2.V0.Test\Tyuiu.SafarovTA.Sprint0.Task2.V0.Test.csproj", "{4C16312D-A09D-4C4A-B4D4-27C212C546D8}"
EndProject
Project("{2150E333-8FDC-42A3-9474-1A3956D46DE8}") = "Task3", "Task3", "{E6E6CF2C-1418-454E-BD14-48E9916859FB}"
EndProject
Project("{9A19103F-16F7-4668-BE54-9A1E7A4F7556}") = "Tyuiu.SafarovTA.Sprint0.Task3.V0", "Tyuiu.SafarovTA.Sprint0.Task3.V0\Tyuiu.SafarovTA.Sprint0.Task3.V0.csproj", "{5D7B7EA7-7447-4451-8708-30B31AF47D2C}"
EndProject
Project("{9A19103F-16F7-4668-BE54-9A1E7A4F7556}") = "Tyuiu.SafarovTA.Sprint0.Task3.V0.Lib", "Tyuiu.SafarovTA.Sprint0.Task3.V0.Lib\Tyuiu.SafarovTA.Sprint0.Task3.V0.Lib.csproj", "{9DD7F795-0E9C-42A2-AF09-C522CF735D50}"
EndProject
Project("{9A19103F-16F7-4668-BE54-9A1E7A4F7556}") = "Tyuiu.SafarovTA.Sprint0.Task3.V0.Test", "Tyuiu.SafarovTA.Sprint0.Task3.V0.Test\Tyuiu.SafarovTA.Sprint0.Task3.V0.Test.csproj", "{B6950528-9E0C-4CCE-8D4D-B12CE9788606}"
EndProject
Project("{2150E333-8FDC-42A3-9474-1A3956D46DE8}") = "Task4", "Task4", "{49BD4E0A-D1F9-42AF-ADA2-F39CD9540991}"
EndProject
Project("{9A19103F-16F7-4668-BE54-9A1E7A4F7556}") = "Tyuiu.SafarovTA.Sprint0.Task4.V0", "Tyuiu.SafarovTA.Sprint0.Task4.V0\Tyuiu.SafarovTA.Sprint0.Task4.V0.csproj", "{A9888511-15BD-4933-8C82-C5B08FCF9F7E}"
EndProject
Project("{9A19103F-16F7-4668-BE54-9A1E7A4F7556}") = "Tyuiu.SafarovTA.Sprint0.Task4.V0.Lib", "Tyuiu.SafarovTA.Sprint0.Task4.V0.Lib\Tyuiu.SafarovTA.Sprint0.Task4.V0.Lib.csproj", "{06171C11-2E48-4F34-924E-57A7C23374A1}"
EndProject
Project("{9A19103F-16F7-4668-BE54-9A1E7A4F7556}") = "Tyuiu.SafarovTA.Sprint0.Task4.V0.Test", "Tyuiu.SafarovTA.Sprint0.Task4.V0.Test\Tyuiu.SafarovTA.Sprint0.Task4.V0.Test.csproj", "{78D77573-0DDC-44CE-BD27-A3C274A54F11}"
EndProject
Project("{2150E333-8FDC-42A3-9474-1A3956D46DE8}") = "Task5", "Task5", "{54502E5F-2103-48A0-91DB-4459F7ADE272}"
EndProject
Project("{9A19103F-16F7-4668-BE54-9A1E7A4F7556}") = "Tyuiu.SafarovTA.Sprint0.Task5.V0", "Tyuiu.SafarovTA.Sprint0.Task5.V0\Tyuiu.SafarovTA.Sprint0.Task5.V0.csproj", "{F2F753F7-C314-4CA6-8847-E297FB3C62D5}"
EndProject
Project("{9A19103F-16F7-4668-BE54-9A1E7A4F7556}") = "Tyuiu.SafarovTA.Sprint0.Task5.V0.Lib", "Tyuiu.SafarovTA.Sprint0.Task5.V0.Lib\Tyuiu.SafarovTA.Sprint0.Task5.V0.Lib.csproj", "{343C8123-2629-4361-A392-084021CE14C5}"
EndProject
Project("{9A19103F-16F7-4668-BE54-9A1E7A4F7556}") = "Tyuiu.SafarovTA.Sprint0.Task5.V0.Test", "Tyuiu.SafarovTA.Sprint0.Task5.V0.Test\Tyuiu.SafarovTA.Sprint0.Task5.V0.Test.csproj", "{E036200B-3D9B-487B-AF43-48643C24479D}"
EndProject
Project("{2150E333-8FDC-42A3-9474-1A3956D46DE8}") = "Task6", "Task6", "{6A2E5F93-79B0-46C8-BBFC-EF404AE89F8E}"
EndProject
Project("{FAE04EC0-301F-11D3-BF4B-00C04F79EFBC}") = "Tyuiu.SafarovTA.Sprint0.Task6.V0", "Tyuiu.SafarovTA.Sprint0.Task6.V0\Tyuiu.SafarovTA.Sprint0.Task6.V0.csproj", "{16F23F2E-A639-4B0C-ABD1-E1BD8557CD2C}"
EndProject
Project("{FAE04EC0-301F-11D3-BF4B-00C04F79EFBC}") = "Tyuiu.SafarovTA.Sprint0.Task6.V0.Lib", "Tyuiu.SafarovTA.Sprint0.Task6.V0.Lib\Tyuiu.SafarovTA.Sprint0.Task6.V0.Lib.csproj", "{64ED2961-A8E3-444D-9164-32469A920405}"
EndProject
Project("{FAE04EC0-301F-11D3-BF4B-00C04F79EFBC}") = "Tyuiu.SafarovTA.Sprint0.Task6.V0.Test", "Tyuiu.SafarovTA.Sprint0.Task6.V0.Test\Tyuiu.SafarovTA.Sprint0.Task6.V0.Test.csproj", "{B07A53BF-8D37-46A9-BA6A-89D51B364B33}"
EndProject
Global
	GlobalSection(SolutionConfigurationPlatforms) = preSolution
		Debug|Any CPU = Debug|Any CPU
		Release|Any CPU = Release|Any CPU
	EndGlobalSection
	GlobalSection(ProjectConfigurationPlatforms) = postSolution
		{F63940BB-6BC0-426A-A6FF-FF8C3CEB0751}.Debug|Any CPU.ActiveCfg = Debug|Any CPU
		{F63940BB-6BC0-426A-A6FF-FF8C3CEB0751}.Debug|Any CPU.Build.0 = Debug|Any CPU
		{F63940BB-6BC0-426A-A6FF-FF8C3CEB0751}.Release|Any CPU.ActiveCfg = Release|Any CPU
		{F63940BB-6BC0-426A-A6FF-FF8C3CEB0751}.Release|Any CPU.Build.0 = Release|Any CPU
		{38E6967D-F645-45F8-97CD-E37A2D89ED54}.Debug|Any CPU.ActiveCfg = Debug|Any CPU
		{38E6967D-F645-45F8-97CD-E37A2D89ED54}.Debug|Any CPU.Build.0 = Debug|Any CPU
		{38E6967D-F645-45F8-97CD-E37A2D89ED54}.Release|Any CPU.ActiveCfg = Release|Any CPU
		{38E6967D-F645-45F8-97CD-E37A2D89ED54}.Release|Any CPU.Build.0 = Release|Any CPU
		{595B2C4E-BFAD-4DDD-8B1A-83F9588A415F}.Debug|Any CPU.ActiveCfg = Debug|Any CPU
		{595B2C4E-BFAD-4DDD-8B1A-83F9588A415F}.Debug|Any CPU.Build.0 = Debug|Any CPU
		{595B2C4E-BFAD-4DDD-8B1A-83F9588A415F}.Release|Any CPU.ActiveCfg = Release|Any CPU
		{595B2C4E-BFAD-4DDD-8B1A-83F9588A415F}.Release|Any CPU.Build.0 = Release|Any CPU
		{73F70E94-CAE3-4681-936F-BBAE2DA47C8F}.Debug|Any CPU.ActiveCfg = Debug|Any CPU
		{73F70E94-CAE3-4681-936F-BBAE2DA47C8F}.Debug|Any CPU.Build.0 = Debug|Any CPU
		{73F70E94-CAE3-4681-936F-BBAE2DA47C8F}.Release|Any CPU.ActiveCfg = Release|Any CPU
		{73F70E94-CAE3-4681-936F-BBAE2DA47C8F}.Release|Any CPU.Build.0 = Release|Any CPU
		{4C16312D-A09D-4C4A-B4D4-27C212C546D8}.Debug|Any CPU.ActiveCfg = Debug|Any CPU
		{4C16312D-A09D-4C4A-B4D4-27C212C546D8}.Debug|Any CPU.Build.0 = Debug|Any CPU
		{4C16312D-A09D-4C4A-B4D4-27C212C546D8}.Release|Any CPU.ActiveCfg = Release|Any CPU
		{4C16312D-A09D-4C4A-B4D4-27C212C546D8}.Release|Any CPU.Build.0 = Release|Any CPU
		{5D7B7EA7-7447-4451-8708-30B31AF47D2C}.Debug|Any CPU.ActiveCfg = Debug|Any CPU
		{5D7B7EA7-7447-4451-8708-30B31AF47D2C}.Debug|Any CPU.Build.0 = Debug|Any CPU
		{5D7B7EA7-7447-4451-8708-30B31AF47D2C}.Release|Any CPU.ActiveCfg = Release|Any CPU
		{5D7B7EA7-7447-4451-8708-30B31AF47D2C}.Release|Any CPU.Build.0 = Release|Any CPU
		{9DD7F795-0E9C-42A2-AF09-C522CF735D50}.Debug|Any CPU.ActiveCfg = Debug|Any CPU
		{9DD7F795-0E9C-42A2-AF09-C522CF735D50}.Debug|Any CPU.Build.0 = Debug|Any CPU
		{9DD7F795-0E9C-42A2-AF09-C522CF735D50}.Release|Any CPU.ActiveCfg = Release|Any CPU
		{9DD7F795-0E9C-42A2-AF09-C522CF735D50}.Release|Any CPU.Build.0 = Release|Any CPU
		{B6950528-9E0C-4CCE-8D4D-B12CE9788606}.Debug|Any CPU.ActiveCfg = Debug|Any CPU
		{B6950528-9E0C-4CCE-8D4D-B12CE9788606}.Debug|Any CPU.Build.0 = Debug|Any CPU
		{B6950528-9E0C-4CCE-8D4D-B12CE9788606}.Release|Any CPU.ActiveCfg = Release|Any CPU
		{B6950528-9E0C-4CCE-8D4D-B12CE9788606}.Release|Any CPU.Build.0 = Release|Any CPU
		{A9888511-15BD-4933-8C82-C5B08FCF9F7E}.Debug|Any CPU.ActiveCfg = Debug|Any CPU
		{A9888511-15BD-4933-8C82-C5B08FCF9F7E}.Debug|Any CPU.Build.0 = Debug|Any CPU
		{A9888511-15BD-4933-8C82-C5B08FCF9F7E}.Release|Any CPU.ActiveCfg = Release|Any CPU
		{A9888511-15BD-4933-8C82-C5B08FCF9F7E}.Release|Any CPU.Build.0 = Release|Any CPU
		{06171C11-2E48-4F34-924E-57A7C23374A1}.Debug|Any CPU.ActiveCfg = Debug|Any CPU
		{06171C11-2E48-4F34-924E-57A7C23374A1}.Debug|Any CPU.Build.0 = Debug|Any CPU
		{06171C11-2E48-4F34-924E-57A7C23374A1}.Release|Any CPU.ActiveCfg = Release|Any CPU
		{06171C11-2E48-4F34-924E-57A7C23374A1}.Release|Any CPU.Build.0 = Release|Any CPU
		{78D77573-0DDC-44CE-BD27-A3C274A54F11}.Debug|Any CPU.ActiveCfg = Debug|Any CPU
		{78D77573-0DDC-44CE-BD27-A3C274A54F11}.Debug|Any CPU.Build.0 = Debug|Any CPU
		{78D77573-0DDC-44CE-BD27-A3C274A54F11}.Release|Any CPU.ActiveCfg = Release|Any CPU
		{78D77573-0DDC-44CE-BD27-A3C274A54F11}.Release|Any CPU.Build.0 = Release|Any CPU
		{F2F753F7-C314-4CA6-8847-E297FB3C62D5}.Debug|Any CPU.ActiveCfg = Debug|Any CPU
		{F2F753F7-C314-4CA6-8847-E297FB3C62D5}.Debug|Any CPU.Build.0 = Debug|Any CPU
		{F2F753F7-C314-4CA6-8847-E297FB3C62D5}.Release|Any CPU.ActiveCfg = Release|Any CPU
		{F2F753F7-C314-4CA6-8847-E297FB3C62D5}.Release|Any CPU.Build.0 = Release|Any CPU
		{343C8123-2629-4361-A392-084021CE14C5}.Debug|Any CPU.ActiveCfg = Debug|Any CPU
		{343C8123-2629-4361-A392-084021CE14C5}.Debug|Any CPU.Build.0 = Debug|Any CPU
		{343C8123-2629-4361-A392-084021CE14C5}.Release|Any CPU.ActiveCfg = Release|Any CPU
		{343C8123-2629-4361-A392-084021CE14C5}.Release|Any CPU.Build.0 = Release|Any CPU
		{E036200B-3D9B-487B-AF43-48643C24479D}.Debug|Any CPU.ActiveCfg = Debug|Any CPU
		{E036200B-3D9B-487B-AF43-48643C24479D}.Debug|Any CPU.Build.0 = Debug|Any CPU
		{E036200B-3D9B-487B-AF43-48643C24479D}.Release|Any CPU.ActiveCfg = Release|Any CPU
		{E036200B-3D9B-487B-AF43-48643C24479D}.Release|Any CPU.Build.0 = Release|Any CPU
		{16F23F2E-A639-4B0C-ABD1-E1BD8557CD2C}.Debug|Any CPU.ActiveCfg = Debug|Any CPU
		{16F23F2E-A639-4B0C-ABD1-E1BD8557CD2C}.Debug|Any CPU.Build.0 = Debug|Any CPU
		{16F23F2E-A639-4B0C-ABD1-E1BD8557CD2C}.Release|Any CPU.ActiveCfg = Release|Any CPU
		{16F23F2E-A639-4B0C-ABD1-E1BD8557CD2C}.Release|Any CPU.Build.0 = Release|Any CPU
		{64ED2961-A8E3-444D-9164-32469A920405}.Debug|Any CPU.ActiveCfg = Debug|Any CPU
		{64ED2961-A8E3-444D-9164-32469A920405}.Debug|Any CPU.Build.0 = Debug|Any CPU
		{64ED2961-A8E3-444D-9164-32469A920405}.Release|Any CPU.ActiveCfg = Release|Any CPU
		{64ED2961-A8E3-444D-9164-32469A920405}.Release|Any CPU.Build.0 = Release|Any CPU
		{B07A53BF-8D37-46A9-BA6A-89D51B364B33}.Debug|Any CPU.ActiveCfg = Debug|Any CPU
		{B07A53BF-8D37-46A9-BA6A-89D51B364B33}.Debug|Any CPU.Build.0 = Debug|Any CPU
		{B07A53BF-8D37-46A9-BA6A-89D51B364B33}.Release|Any CPU.ActiveCfg = Release|Any CPU
		{B07A53BF-8D37-46A9-BA6A-89D51B364B33}.Release|Any CPU.Build.0 = Release|Any CPU
	EndGlobalSection
	GlobalSection(SolutionProperties) = preSolution
		HideSolutionNode = FALSE
	EndGlobalSection
	GlobalSection(NestedProjects) = preSolution
		{F63940BB-6BC0-426A-A6FF-FF8C3CEB0751} = {76D71CE7-82F8-4C30-B8FD-C7E8D1AB1C5C}
		{38E6967D-F645-45F8-97CD-E37A2D89ED54} = {E42323C9-98DF-4B3F-A59C-BA5A114694F2}
		{595B2C4E-BFAD-4DDD-8B1A-83F9588A415F} = {D9100C61-DE48-4100-83D2-3252D942624A}
		{73F70E94-CAE3-4681-936F-BBAE2DA47C8F} = {D9100C61-DE48-4100-83D2-3252D942624A}
		{4C16312D-A09D-4C4A-B4D4-27C212C546D8} = {D9100C61-DE48-4100-83D2-3252D942624A}
		{5D7B7EA7-7447-4451-8708-30B31AF47D2C} = {E6E6CF2C-1418-454E-BD14-48E9916859FB}
		{9DD7F795-0E9C-42A2-AF09-C522CF735D50} = {E6E6CF2C-1418-454E-BD14-48E9916859FB}
		{B6950528-9E0C-4CCE-8D4D-B12CE9788606} = {E6E6CF2C-1418-454E-BD14-48E9916859FB}
		{A9888511-15BD-4933-8C82-C5B08FCF9F7E} = {49BD4E0A-D1F9-42AF-ADA2-F39CD9540991}
		{06171C11-2E48-4F34-924E-57A7C23374A1} = {49BD4E0A-D1F9-42AF-ADA2-F39CD9540991}
		{78D77573-0DDC-44CE-BD27-A3C274A54F11} = {49BD4E0A-D1F9-42AF-ADA2-F39CD9540991}
		{F2F753F7-C314-4CA6-8847-E297FB3C62D5} = {54502E5F-2103-48A0-91DB-4459F7ADE272}
		{343C8123-2629-4361-A392-084021CE14C5} = {54502E5F-2103-48A0-91DB-4459F7ADE272}
		{E036200B-3D9B-487B-AF43-48643C24479D} = {54502E5F-2103-48A0-91DB-4459F7ADE272}
		{16F23F2E-A639-4B0C-ABD1-E1BD8557CD2C} = {6A2E5F93-79B0-46C8-BBFC-EF404AE89F8E}
		{64ED2961-A8E3-444D-9164-32469A920405} = {6A2E5F93-79B0-46C8-BBFC-EF404AE89F8E}
		{B07A53BF-8D37-46A9-BA6A-89D51B364B33} = {6A2E5F93-79B0-46C8-BBFC-EF404AE89F8E}
	EndGlobalSection
	GlobalSection(ExtensibilityGlobals) = postSolution
		SolutionGuid = {F67E3EBB-AC6B-44F9-80C5-683CBB21464D}
	EndGlobalSection
EndGlobal
